PODS:
  - Alamofire (4.4.0)
  - Retrofire (0.0.1):
    - Alamofire (~> 4.4.0)
    - SwiftyJSON
  - SwiftyJSON (3.1.4)

DEPENDENCIES:
  - Retrofire (from `https://github.com/stantmob/Retrofire.git`, branch `master`)

EXTERNAL SOURCES:
  Retrofire:
    :branch: master
    :git: https://github.com/stantmob/Retrofire.git

CHECKOUT OPTIONS:
  Retrofire:
    :commit: a8bee2313768cf294ed8be73f5268a9227bac1fd
    :git: https://github.com/stantmob/Retrofire.git

SPEC CHECKSUMS:
  Alamofire: dc44b1600b800eb63da6a19039a0083d62a6a62d
  Retrofire: 48435044d4ba1c391a7c055411e94d942e85c849
  SwiftyJSON: c2842d878f95482ffceec5709abc3d05680c0220

PODFILE CHECKSUM: 450d35a159c07183933879060f32feb432b9e6db

COCOAPODS: 1.2.1
