// !$*UTF8*$!
{
	archiveVersion = 1;
	classes = {
	};
	objectVersion = 46;
	objects = {

/* Begin PBXBuildFile section */
		07C287871F47310800E9DA0C /* AppDelegate.swift in Sources */ = {isa = PBXBuildFile; fileRef = 07C287861F47310800E9DA0C /* AppDelegate.swift */; };
		07C287891F47310800E9DA0C /* ViewController.swift in Sources */ = {isa = PBXBuildFile; fileRef = 07C287881F47310800E9DA0C /* ViewController.swift */; };
		07C2878C1F47310800E9DA0C /* Main.storyboard in Resources */ = {isa = PBXBuildFile; fileRef = 07C2878A1F47310800E9DA0C /* Main.storyboard */; };
		07C2878E1F47310800E9DA0C /* Assets.xcassets in Resources */ = {isa = PBXBuildFile; fileRef = 07C2878D1F47310800E9DA0C /* Assets.xcassets */; };
		07C287911F47310800E9DA0C /* LaunchScreen.storyboard in Resources */ = {isa = PBXBuildFile; fileRef = 07C2878F1F47310800E9DA0C /* LaunchScreen.storyboard */; };
		07C2879C1F47310800E9DA0C /* GpMobRequesterTests.swift in Sources */ = {isa = PBXBuildFile; fileRef = 07C2879B1F47310800E9DA0C /* GpMobRequesterTests.swift */; };
		07C287A71F47310800E9DA0C /* GpMobRequesterUITests.swift in Sources */ = {isa = PBXBuildFile; fileRef = 07C287A61F47310800E9DA0C /* GpMobRequesterUITests.swift */; };
		07D138231F478F8B0010642D /* ReturnConfirmationToUser.xib in Resources */ = {isa = PBXBuildFile; fileRef = 07D138221F478F8B0010642D /* ReturnConfirmationToUser.xib */; };
		07D138251F4791ED0010642D /* ReturnConfirmationToUSer.swift in Sources */ = {isa = PBXBuildFile; fileRef = 07D138241F4791ED0010642D /* ReturnConfirmationToUSer.swift */; };
		07F0FAD41F47481A002CFC23 /* ConfimationAuthenticateView.xib in Resources */ = {isa = PBXBuildFile; fileRef = 07F0FAD31F47481A002CFC23 /* ConfimationAuthenticateView.xib */; };
		07F0FAD61F475303002CFC23 /* ConfimationAuthenticateView.swift in Sources */ = {isa = PBXBuildFile; fileRef = 07F0FAD51F475303002CFC23 /* ConfimationAuthenticateView.swift */; };
		9BF3A57504BE344FEDA43DD8 /* Pods_GpMobRequester.framework in Frameworks */ = {isa = PBXBuildFile; fileRef = DE71A361D759FCD07EAC8BC2 /* Pods_GpMobRequester.framework */; };
		C8E58D671F47424100E5F7AE /* AuthorizationViewController.swift in Sources */ = {isa = PBXBuildFile; fileRef = C8E58D661F47424100E5F7AE /* AuthorizationViewController.swift */; };
		C8E58D6A1F47447000E5F7AE /* AuthorizationView.xib in Resources */ = {isa = PBXBuildFile; fileRef = C8E58D691F47447000E5F7AE /* AuthorizationView.xib */; };
		C8E58D6C1F47448200E5F7AE /* AuthorizationView.swift in Sources */ = {isa = PBXBuildFile; fileRef = C8E58D6B1F47448200E5F7AE /* AuthorizationView.swift */; };
		D1673F2113DF40EC3A4BFA64 /* Pods_GpMobRequesterUITests.framework in Frameworks */ = {isa = PBXBuildFile; fileRef = AE01663967CC7DDEF38BF167 /* Pods_GpMobRequesterUITests.framework */; };
		E97F27F158AD872C2262AE50 /* Pods_GpMobRequesterTests.framework in Frameworks */ = {isa = PBXBuildFile; fileRef = A3D48253B89C8CDBC0C8DBE5 /* Pods_GpMobRequesterTests.framework */; };
/* End PBXBuildFile section */

/* Begin PBXContainerItemProxy section */
		07C287981F47310800E9DA0C /* PBXContainerItemProxy */ = {
			isa = PBXContainerItemProxy;
			containerPortal = 07C2877B1F47310800E9DA0C /* Project object */;
			proxyType = 1;
			remoteGlobalIDString = 07C287821F47310800E9DA0C;
			remoteInfo = GpMobRequester;
		};
		07C287A31F47310800E9DA0C /* PBXContainerItemProxy */ = {
			isa = PBXContainerItemProxy;
			containerPortal = 07C2877B1F47310800E9DA0C /* Project object */;
			proxyType = 1;
			remoteGlobalIDString = 07C287821F47310800E9DA0C;
			remoteInfo = GpMobRequester;
		};
/* End PBXContainerItemProxy section */

/* Begin PBXFileReference section */
		07C287831F47310800E9DA0C /* GpMobRequester.app */ = {isa = PBXFileReference; explicitFileType = wrapper.application; includeInIndex = 0; path = GpMobRequester.app; sourceTree = BUILT_PRODUCTS_DIR; };
		07C287861F47310800E9DA0C /* AppDelegate.swift */ = {isa = PBXFileReference; lastKnownFileType = sourcecode.swift; path = AppDelegate.swift; sourceTree = "<group>"; };
		07C287881F47310800E9DA0C /* ViewController.swift */ = {isa = PBXFileReference; lastKnownFileType = sourcecode.swift; path = ViewController.swift; sourceTree = "<group>"; };
		07C2878B1F47310800E9DA0C /* Base */ = {isa = PBXFileReference; lastKnownFileType = file.storyboard; name = Base; path = Base.lproj/Main.storyboard; sourceTree = "<group>"; };
		07C2878D1F47310800E9DA0C /* Assets.xcassets */ = {isa = PBXFileReference; lastKnownFileType = folder.assetcatalog; path = Assets.xcassets; sourceTree = "<group>"; };
		07C287901F47310800E9DA0C /* Base */ = {isa = PBXFileReference; lastKnownFileType = file.storyboard; name = Base; path = Base.lproj/LaunchScreen.storyboard; sourceTree = "<group>"; };
		07C287921F47310800E9DA0C /* Info.plist */ = {isa = PBXFileReference; lastKnownFileType = text.plist.xml; path = Info.plist; sourceTree = "<group>"; };
		07C287971F47310800E9DA0C /* GpMobRequesterTests.xctest */ = {isa = PBXFileReference; explicitFileType = wrapper.cfbundle; includeInIndex = 0; path = GpMobRequesterTests.xctest; sourceTree = BUILT_PRODUCTS_DIR; };
		07C2879B1F47310800E9DA0C /* GpMobRequesterTests.swift */ = {isa = PBXFileReference; lastKnownFileType = sourcecode.swift; path = GpMobRequesterTests.swift; sourceTree = "<group>"; };
		07C2879D1F47310800E9DA0C /* Info.plist */ = {isa = PBXFileReference; lastKnownFileType = text.plist.xml; path = Info.plist; sourceTree = "<group>"; };
		07C287A21F47310800E9DA0C /* GpMobRequesterUITests.xctest */ = {isa = PBXFileReference; explicitFileType = wrapper.cfbundle; includeInIndex = 0; path = GpMobRequesterUITests.xctest; sourceTree = BUILT_PRODUCTS_DIR; };
		07C287A61F47310800E9DA0C /* GpMobRequesterUITests.swift */ = {isa = PBXFileReference; lastKnownFileType = sourcecode.swift; path = GpMobRequesterUITests.swift; sourceTree = "<group>"; };
		07C287A81F47310800E9DA0C /* Info.plist */ = {isa = PBXFileReference; lastKnownFileType = text.plist.xml; path = Info.plist; sourceTree = "<group>"; };
		07D138221F478F8B0010642D /* ReturnConfirmationToUser.xib */ = {isa = PBXFileReference; fileEncoding = 4; lastKnownFileType = file.xib; path = ReturnConfirmationToUser.xib; sourceTree = "<group>"; };
		07D138241F4791ED0010642D /* ReturnConfirmationToUSer.swift */ = {isa = PBXFileReference; fileEncoding = 4; lastKnownFileType = sourcecode.swift; path = ReturnConfirmationToUSer.swift; sourceTree = "<group>"; };
		07F0FAD31F47481A002CFC23 /* ConfimationAuthenticateView.xib */ = {isa = PBXFileReference; fileEncoding = 4; lastKnownFileType = file.xib; path = ConfimationAuthenticateView.xib; sourceTree = "<group>"; };
		07F0FAD51F475303002CFC23 /* ConfimationAuthenticateView.swift */ = {isa = PBXFileReference; fileEncoding = 4; lastKnownFileType = sourcecode.swift; path = ConfimationAuthenticateView.swift; sourceTree = "<group>"; };
		0E3BC55F076EF69B82DA2E87 /* Pods-GpMobRequester.debug.xcconfig */ = {isa = PBXFileReference; includeInIndex = 1; lastKnownFileType = text.xcconfig; name = "Pods-GpMobRequester.debug.xcconfig"; path = "Pods/Target Support Files/Pods-GpMobRequester/Pods-GpMobRequester.debug.xcconfig"; sourceTree = "<group>"; };
		53068DB0D3822C1ACDF361E6 /* Pods-GpMobRequesterTests.debug.xcconfig */ = {isa = PBXFileReference; includeInIndex = 1; lastKnownFileType = text.xcconfig; name = "Pods-GpMobRequesterTests.debug.xcconfig"; path = "Pods/Target Support Files/Pods-GpMobRequesterTests/Pods-GpMobRequesterTests.debug.xcconfig"; sourceTree = "<group>"; };
		91DDD95CE47F473C7B55E352 /* Pods-GpMobRequesterTests.release.xcconfig */ = {isa = PBXFileReference; includeInIndex = 1; lastKnownFileType = text.xcconfig; name = "Pods-GpMobRequesterTests.release.xcconfig"; path = "Pods/Target Support Files/Pods-GpMobRequesterTests/Pods-GpMobRequesterTests.release.xcconfig"; sourceTree = "<group>"; };
		96946D7F0F8742B2C8665B35 /* Pods-GpMobRequester.release.xcconfig */ = {isa = PBXFileReference; includeInIndex = 1; lastKnownFileType = text.xcconfig; name = "Pods-GpMobRequester.release.xcconfig"; path = "Pods/Target Support Files/Pods-GpMobRequester/Pods-GpMobRequester.release.xcconfig"; sourceTree = "<group>"; };
		A3D48253B89C8CDBC0C8DBE5 /* Pods_GpMobRequesterTests.framework */ = {isa = PBXFileReference; explicitFileType = wrapper.framework; includeInIndex = 0; path = Pods_GpMobRequesterTests.framework; sourceTree = BUILT_PRODUCTS_DIR; };
		AE01663967CC7DDEF38BF167 /* Pods_GpMobRequesterUITests.framework */ = {isa = PBXFileReference; explicitFileType = wrapper.framework; includeInIndex = 0; path = Pods_GpMobRequesterUITests.framework; sourceTree = BUILT_PRODUCTS_DIR; };
		C1612EF6EAE85E0DC54EC754 /* Pods-GpMobRequesterUITests.release.xcconfig */ = {isa = PBXFileReference; includeInIndex = 1; lastKnownFileType = text.xcconfig; name = "Pods-GpMobRequesterUITests.release.xcconfig"; path = "Pods/Target Support Files/Pods-GpMobRequesterUITests/Pods-GpMobRequesterUITests.release.xcconfig"; sourceTree = "<group>"; };
		C8E58D661F47424100E5F7AE /* AuthorizationViewController.swift */ = {isa = PBXFileReference; fileEncoding = 4; lastKnownFileType = sourcecode.swift; path = AuthorizationViewController.swift; sourceTree = "<group>"; };
		C8E58D691F47447000E5F7AE /* AuthorizationView.xib */ = {isa = PBXFileReference; fileEncoding = 4; lastKnownFileType = file.xib; path = AuthorizationView.xib; sourceTree = "<group>"; };
		C8E58D6B1F47448200E5F7AE /* AuthorizationView.swift */ = {isa = PBXFileReference; fileEncoding = 4; lastKnownFileType = sourcecode.swift; path = AuthorizationView.swift; sourceTree = "<group>"; };
		DBF15156326C710A4D8A754B /* Pods-GpMobRequesterUITests.debug.xcconfig */ = {isa = PBXFileReference; includeInIndex = 1; lastKnownFileType = text.xcconfig; name = "Pods-GpMobRequesterUITests.debug.xcconfig"; path = "Pods/Target Support Files/Pods-GpMobRequesterUITests/Pods-GpMobRequesterUITests.debug.xcconfig"; sourceTree = "<group>"; };
		DE71A361D759FCD07EAC8BC2 /* Pods_GpMobRequester.framework */ = {isa = PBXFileReference; explicitFileType = wrapper.framework; includeInIndex = 0; path = Pods_GpMobRequester.framework; sourceTree = BUILT_PRODUCTS_DIR; };
/* End PBXFileReference section */

/* Begin PBXFrameworksBuildPhase section */
		07C287801F47310800E9DA0C /* Frameworks */ = {
			isa = PBXFrameworksBuildPhase;
			buildActionMask = 2147483647;
			files = (
				9BF3A57504BE344FEDA43DD8 /* Pods_GpMobRequester.framework in Frameworks */,
			);
			runOnlyForDeploymentPostprocessing = 0;
		};
		07C287941F47310800E9DA0C /* Frameworks */ = {
			isa = PBXFrameworksBuildPhase;
			buildActionMask = 2147483647;
			files = (
				E97F27F158AD872C2262AE50 /* Pods_GpMobRequesterTests.framework in Frameworks */,
			);
			runOnlyForDeploymentPostprocessing = 0;
		};
		07C2879F1F47310800E9DA0C /* Frameworks */ = {
			isa = PBXFrameworksBuildPhase;
			buildActionMask = 2147483647;
			files = (
				D1673F2113DF40EC3A4BFA64 /* Pods_GpMobRequesterUITests.framework in Frameworks */,
			);
			runOnlyForDeploymentPostprocessing = 0;
		};
/* End PBXFrameworksBuildPhase section */

/* Begin PBXGroup section */
		07C2877A1F47310800E9DA0C = {
			isa = PBXGroup;
			children = (
				07C287851F47310800E9DA0C /* GpMobRequester */,
				07C2879A1F47310800E9DA0C /* GpMobRequesterTests */,
				07C287A51F47310800E9DA0C /* GpMobRequesterUITests */,
				07C287841F47310800E9DA0C /* Products */,
				8EBFE6EE4972DEF0E7CBAB9A /* Pods */,
				C5AA05CE4626FE8CE3A9622A /* Frameworks */,
			);
			sourceTree = "<group>";
		};
		07C287841F47310800E9DA0C /* Products */ = {
			isa = PBXGroup;
			children = (
				07C287831F47310800E9DA0C /* GpMobRequester.app */,
				07C287971F47310800E9DA0C /* GpMobRequesterTests.xctest */,
				07C287A21F47310800E9DA0C /* GpMobRequesterUITests.xctest */,
			);
			name = Products;
			sourceTree = "<group>";
		};
		07C287851F47310800E9DA0C /* GpMobRequester */ = {
			isa = PBXGroup;
			children = (
				C8E58D651F47422000E5F7AE /* Authorization */,
				07F0FAD21F47451C002CFC23 /* Confirmation */,
				07C287861F47310800E9DA0C /* AppDelegate.swift */,
				07C287881F47310800E9DA0C /* ViewController.swift */,
				07D138211F478F0C0010642D /* ReturnConfirmationToUser */,
				07C2878A1F47310800E9DA0C /* Main.storyboard */,
				07C2878D1F47310800E9DA0C /* Assets.xcassets */,
				07C2878F1F47310800E9DA0C /* LaunchScreen.storyboard */,
				07C287921F47310800E9DA0C /* Info.plist */,
			);
			path = GpMobRequester;
			sourceTree = "<group>";
		};
		07C2879A1F47310800E9DA0C /* GpMobRequesterTests */ = {
			isa = PBXGroup;
			children = (
				07C2879B1F47310800E9DA0C /* GpMobRequesterTests.swift */,
				07C2879D1F47310800E9DA0C /* Info.plist */,
			);
			path = GpMobRequesterTests;
			sourceTree = "<group>";
		};
		07C287A51F47310800E9DA0C /* GpMobRequesterUITests */ = {
			isa = PBXGroup;
			children = (
				07C287A61F47310800E9DA0C /* GpMobRequesterUITests.swift */,
				07C287A81F47310800E9DA0C /* Info.plist */,
			);
			path = GpMobRequesterUITests;
			sourceTree = "<group>";
		};
		07D138201F478E3B0010642D /* View */ = {
			isa = PBXGroup;
			children = (
				07F0FAD31F47481A002CFC23 /* ConfimationAuthenticateView.xib */,
				07F0FAD51F475303002CFC23 /* ConfimationAuthenticateView.swift */,
			);
			name = View;
			sourceTree = "<group>";
		};
		07D138211F478F0C0010642D /* ReturnConfirmationToUser */ = {
			isa = PBXGroup;
			children = (
				07D138221F478F8B0010642D /* ReturnConfirmationToUser.xib */,
				07D138241F4791ED0010642D /* ReturnConfirmationToUSer.swift */,
			);
			name = ReturnConfirmationToUser;
			sourceTree = "<group>";
		};
		07F0FAD21F47451C002CFC23 /* Confirmation */ = {
			isa = PBXGroup;
			children = (
				07D138201F478E3B0010642D /* View */,
			);
			name = Confirmation;
			sourceTree = "<group>";
		};
		8EBFE6EE4972DEF0E7CBAB9A /* Pods */ = {
			isa = PBXGroup;
			children = (
				0E3BC55F076EF69B82DA2E87 /* Pods-GpMobRequester.debug.xcconfig */,
				96946D7F0F8742B2C8665B35 /* Pods-GpMobRequester.release.xcconfig */,
				53068DB0D3822C1ACDF361E6 /* Pods-GpMobRequesterTests.debug.xcconfig */,
				91DDD95CE47F473C7B55E352 /* Pods-GpMobRequesterTests.release.xcconfig */,
				DBF15156326C710A4D8A754B /* Pods-GpMobRequesterUITests.debug.xcconfig */,
				C1612EF6EAE85E0DC54EC754 /* Pods-GpMobRequesterUITests.release.xcconfig */,
			);
			name = Pods;
			sourceTree = "<group>";
		};
		C5AA05CE4626FE8CE3A9622A /* Frameworks */ = {
			isa = PBXGroup;
			children = (
				DE71A361D759FCD07EAC8BC2 /* Pods_GpMobRequester.framework */,
				A3D48253B89C8CDBC0C8DBE5 /* Pods_GpMobRequesterTests.framework */,
				AE01663967CC7DDEF38BF167 /* Pods_GpMobRequesterUITests.framework */,
			);
			name = Frameworks;
			sourceTree = "<group>";
		};
		C8E58D651F47422000E5F7AE /* Authorization */ = {
			isa = PBXGroup;
			children = (
				C8E58D681F47434400E5F7AE /* View */,
				C8E58D661F47424100E5F7AE /* AuthorizationViewController.swift */,
			);
			name = Authorization;
			sourceTree = "<group>";
		};
		C8E58D681F47434400E5F7AE /* View */ = {
			isa = PBXGroup;
			children = (
				C8E58D691F47447000E5F7AE /* AuthorizationView.xib */,
				C8E58D6B1F47448200E5F7AE /* AuthorizationView.swift */,
			);
			name = View;
			sourceTree = "<group>";
		};
/* End PBXGroup section */

/* Begin PBXNativeTarget section */
		07C287821F47310800E9DA0C /* GpMobRequester */ = {
			isa = PBXNativeTarget;
			buildConfigurationList = 07C287AB1F47310800E9DA0C /* Build configuration list for PBXNativeTarget "GpMobRequester" */;
			buildPhases = (
				797D87A95117575C90C19C5E /* [CP] Check Pods Manifest.lock */,
				07C2877F1F47310800E9DA0C /* Sources */,
				07C287801F47310800E9DA0C /* Frameworks */,
				07C287811F47310800E9DA0C /* Resources */,
				C7C1FDA37843ABD2ABAECFE8 /* [CP] Embed Pods Frameworks */,
				EA44986465D8E78A2AEF18E3 /* [CP] Copy Pods Resources */,
			);
			buildRules = (
			);
			dependencies = (
			);
			name = GpMobRequester;
			productName = GpMobRequester;
			productReference = 07C287831F47310800E9DA0C /* GpMobRequester.app */;
			productType = "com.apple.product-type.application";
		};
		07C287961F47310800E9DA0C /* GpMobRequesterTests */ = {
			isa = PBXNativeTarget;
			buildConfigurationList = 07C287AE1F47310800E9DA0C /* Build configuration list for PBXNativeTarget "GpMobRequesterTests" */;
			buildPhases = (
				92BB7985645831C0DF80BBFF /* [CP] Check Pods Manifest.lock */,
				07C287931F47310800E9DA0C /* Sources */,
				07C287941F47310800E9DA0C /* Frameworks */,
				07C287951F47310800E9DA0C /* Resources */,
				AFBA5C2F5C727833250FFFCD /* [CP] Embed Pods Frameworks */,
				44A2C96A284F4FA9BF9767F4 /* [CP] Copy Pods Resources */,
			);
			buildRules = (
			);
			dependencies = (
				07C287991F47310800E9DA0C /* PBXTargetDependency */,
			);
			name = GpMobRequesterTests;
			productName = GpMobRequesterTests;
			productReference = 07C287971F47310800E9DA0C /* GpMobRequesterTests.xctest */;
			productType = "com.apple.product-type.bundle.unit-test";
		};
		07C287A11F47310800E9DA0C /* GpMobRequesterUITests */ = {
			isa = PBXNativeTarget;
			buildConfigurationList = 07C287B11F47310800E9DA0C /* Build configuration list for PBXNativeTarget "GpMobRequesterUITests" */;
			buildPhases = (
				8EAF4EE27CDB6ECEC52D3691 /* [CP] Check Pods Manifest.lock */,
				07C2879E1F47310800E9DA0C /* Sources */,
				07C2879F1F47310800E9DA0C /* Frameworks */,
				07C287A01F47310800E9DA0C /* Resources */,
				141B358D7C0C0E9CDB1F3334 /* [CP] Embed Pods Frameworks */,
				D07B32C04DF279EC01F66F74 /* [CP] Copy Pods Resources */,
			);
			buildRules = (
			);
			dependencies = (
				07C287A41F47310800E9DA0C /* PBXTargetDependency */,
			);
			name = GpMobRequesterUITests;
			productName = GpMobRequesterUITests;
			productReference = 07C287A21F47310800E9DA0C /* GpMobRequesterUITests.xctest */;
			productType = "com.apple.product-type.bundle.ui-testing";
		};
/* End PBXNativeTarget section */

/* Begin PBXProject section */
		07C2877B1F47310800E9DA0C /* Project object */ = {
			isa = PBXProject;
			attributes = {
				LastSwiftUpdateCheck = 0830;
				LastUpgradeCheck = 0830;
				ORGANIZATIONNAME = Stant;
				TargetAttributes = {
					07C287821F47310800E9DA0C = {
						CreatedOnToolsVersion = 8.3.3;
						DevelopmentTeam = RKYRJH5UVM;
						ProvisioningStyle = Automatic;
					};
					07C287961F47310800E9DA0C = {
						CreatedOnToolsVersion = 8.3.3;
						DevelopmentTeam = Q96RB5NH33;
						ProvisioningStyle = Automatic;
						TestTargetID = 07C287821F47310800E9DA0C;
					};
					07C287A11F47310800E9DA0C = {
						CreatedOnToolsVersion = 8.3.3;
						DevelopmentTeam = Q96RB5NH33;
						ProvisioningStyle = Automatic;
						TestTargetID = 07C287821F47310800E9DA0C;
					};
				};
			};
			buildConfigurationList = 07C2877E1F47310800E9DA0C /* Build configuration list for PBXProject "GpMobRequester" */;
			compatibilityVersion = "Xcode 3.2";
			developmentRegion = English;
			hasScannedForEncodings = 0;
			knownRegions = (
				en,
				Base,
			);
			mainGroup = 07C2877A1F47310800E9DA0C;
			productRefGroup = 07C287841F47310800E9DA0C /* Products */;
			projectDirPath = "";
			projectRoot = "";
			targets = (
				07C287821F47310800E9DA0C /* GpMobRequester */,
				07C287961F47310800E9DA0C /* GpMobRequesterTests */,
				07C287A11F47310800E9DA0C /* GpMobRequesterUITests */,
			);
		};
/* End PBXProject section */

/* Begin PBXResourcesBuildPhase section */
		07C287811F47310800E9DA0C /* Resources */ = {
			isa = PBXResourcesBuildPhase;
			buildActionMask = 2147483647;
			files = (
				07D138231F478F8B0010642D /* ReturnConfirmationToUser.xib in Resources */,
				07F0FAD41F47481A002CFC23 /* ConfimationAuthenticateView.xib in Resources */,
				07C287911F47310800E9DA0C /* LaunchScreen.storyboard in Resources */,
				07C2878E1F47310800E9DA0C /* Assets.xcassets in Resources */,
				C8E58D6A1F47447000E5F7AE /* AuthorizationView.xib in Resources */,
				07C2878C1F47310800E9DA0C /* Main.storyboard in Resources */,
			);
			runOnlyForDeploymentPostprocessing = 0;
		};
		07C287951F47310800E9DA0C /* Resources */ = {
			isa = PBXResourcesBuildPhase;
			buildActionMask = 2147483647;
			files = (
			);
			runOnlyForDeploymentPostprocessing = 0;
		};
		07C287A01F47310800E9DA0C /* Resources */ = {
			isa = PBXResourcesBuildPhase;
			buildActionMask = 2147483647;
			files = (
			);
			runOnlyForDeploymentPostprocessing = 0;
		};
/* End PBXResourcesBuildPhase section */

/* Begin PBXShellScriptBuildPhase section */
		141B358D7C0C0E9CDB1F3334 /* [CP] Embed Pods Frameworks */ = {
			isa = PBXShellScriptBuildPhase;
			buildActionMask = 2147483647;
			files = (
			);
			inputPaths = (
			);
			name = "[CP] Embed Pods Frameworks";
			outputPaths = (
			);
			runOnlyForDeploymentPostprocessing = 0;
			shellPath = /bin/sh;
			shellScript = "\"${SRCROOT}/Pods/Target Support Files/Pods-GpMobRequesterUITests/Pods-GpMobRequesterUITests-frameworks.sh\"\n";
			showEnvVarsInLog = 0;
		};
		44A2C96A284F4FA9BF9767F4 /* [CP] Copy Pods Resources */ = {
			isa = PBXShellScriptBuildPhase;
			buildActionMask = 2147483647;
			files = (
			);
			inputPaths = (
			);
			name = "[CP] Copy Pods Resources";
			outputPaths = (
			);
			runOnlyForDeploymentPostprocessing = 0;
			shellPath = /bin/sh;
			shellScript = "\"${SRCROOT}/Pods/Target Support Files/Pods-GpMobRequesterTests/Pods-GpMobRequesterTests-resources.sh\"\n";
			showEnvVarsInLog = 0;
		};
		797D87A95117575C90C19C5E /* [CP] Check Pods Manifest.lock */ = {
			isa = PBXShellScriptBuildPhase;
			buildActionMask = 2147483647;
			files = (
			);
			inputPaths = (
				"${PODS_PODFILE_DIR_PATH}/Podfile.lock",
				"${PODS_ROOT}/Manifest.lock",
			);
			name = "[CP] Check Pods Manifest.lock";
			outputPaths = (
				"$(DERIVED_FILE_DIR)/Pods-GpMobRequester-checkManifestLockResult.txt",
			);
			runOnlyForDeploymentPostprocessing = 0;
			shellPath = /bin/sh;
			shellScript = "diff \"${PODS_PODFILE_DIR_PATH}/Podfile.lock\" \"${PODS_ROOT}/Manifest.lock\" > /dev/null\nif [ $? != 0 ] ; then\n    # print error to STDERR\n    echo \"error: The sandbox is not in sync with the Podfile.lock. Run 'pod install' or update your CocoaPods installation.\" >&2\n    exit 1\nfi\n# This output is used by Xcode 'outputs' to avoid re-running this script phase.\necho \"SUCCESS\" > \"${SCRIPT_OUTPUT_FILE_0}\"\n";
			showEnvVarsInLog = 0;
		};
		8EAF4EE27CDB6ECEC52D3691 /* [CP] Check Pods Manifest.lock */ = {
			isa = PBXShellScriptBuildPhase;
			buildActionMask = 2147483647;
			files = (
			);
			inputPaths = (
				"${PODS_PODFILE_DIR_PATH}/Podfile.lock",
				"${PODS_ROOT}/Manifest.lock",
			);
			name = "[CP] Check Pods Manifest.lock";
			outputPaths = (
				"$(DERIVED_FILE_DIR)/Pods-GpMobRequesterUITests-checkManifestLockResult.txt",
			);
			runOnlyForDeploymentPostprocessing = 0;
			shellPath = /bin/sh;
			shellScript = "diff \"${PODS_PODFILE_DIR_PATH}/Podfile.lock\" \"${PODS_ROOT}/Manifest.lock\" > /dev/null\nif [ $? != 0 ] ; then\n    # print error to STDERR\n    echo \"error: The sandbox is not in sync with the Podfile.lock. Run 'pod install' or update your CocoaPods installation.\" >&2\n    exit 1\nfi\n# This output is used by Xcode 'outputs' to avoid re-running this script phase.\necho \"SUCCESS\" > \"${SCRIPT_OUTPUT_FILE_0}\"\n";
			showEnvVarsInLog = 0;
		};
		92BB7985645831C0DF80BBFF /* [CP] Check Pods Manifest.lock */ = {
			isa = PBXShellScriptBuildPhase;
			buildActionMask = 2147483647;
			files = (
			);
			inputPaths = (
				"${PODS_PODFILE_DIR_PATH}/Podfile.lock",
				"${PODS_ROOT}/Manifest.lock",
			);
			name = "[CP] Check Pods Manifest.lock";
			outputPaths = (
				"$(DERIVED_FILE_DIR)/Pods-GpMobRequesterTests-checkManifestLockResult.txt",
			);
			runOnlyForDeploymentPostprocessing = 0;
			shellPath = /bin/sh;
			shellScript = "diff \"${PODS_PODFILE_DIR_PATH}/Podfile.lock\" \"${PODS_ROOT}/Manifest.lock\" > /dev/null\nif [ $? != 0 ] ; then\n    # print error to STDERR\n    echo \"error: The sandbox is not in sync with the Podfile.lock. Run 'pod install' or update your CocoaPods installation.\" >&2\n    exit 1\nfi\n# This output is used by Xcode 'outputs' to avoid re-running this script phase.\necho \"SUCCESS\" > \"${SCRIPT_OUTPUT_FILE_0}\"\n";
			showEnvVarsInLog = 0;
		};
		AFBA5C2F5C727833250FFFCD /* [CP] Embed Pods Frameworks */ = {
			isa = PBXShellScriptBuildPhase;
			buildActionMask = 2147483647;
			files = (
			);
			inputPaths = (
			);
			name = "[CP] Embed Pods Frameworks";
			outputPaths = (
			);
			runOnlyForDeploymentPostprocessing = 0;
			shellPath = /bin/sh;
			shellScript = "\"${SRCROOT}/Pods/Target Support Files/Pods-GpMobRequesterTests/Pods-GpMobRequesterTests-frameworks.sh\"\n";
			showEnvVarsInLog = 0;
		};
		C7C1FDA37843ABD2ABAECFE8 /* [CP] Embed Pods Frameworks */ = {
			isa = PBXShellScriptBuildPhase;
			buildActionMask = 2147483647;
			files = (
			);
			inputPaths = (
				"${SRCROOT}/Pods/Target Support Files/Pods-GpMobRequester/Pods-GpMobRequester-frameworks.sh",
				"${BUILT_PRODUCTS_DIR}/Alamofire/Alamofire.framework",
				"${BUILT_PRODUCTS_DIR}/Retrofire/Retrofire.framework",
				"${BUILT_PRODUCTS_DIR}/SwiftyJSON/SwiftyJSON.framework",
			);
			name = "[CP] Embed Pods Frameworks";
			outputPaths = (
				"${TARGET_BUILD_DIR}/${FRAMEWORKS_FOLDER_PATH}/Alamofire.framework",
				"${TARGET_BUILD_DIR}/${FRAMEWORKS_FOLDER_PATH}/Retrofire.framework",
				"${TARGET_BUILD_DIR}/${FRAMEWORKS_FOLDER_PATH}/SwiftyJSON.framework",
			);
			runOnlyForDeploymentPostprocessing = 0;
			shellPath = /bin/sh;
			shellScript = "\"${SRCROOT}/Pods/Target Support Files/Pods-GpMobRequester/Pods-GpMobRequester-frameworks.sh\"\n";
			showEnvVarsInLog = 0;
		};
		D07B32C04DF279EC01F66F74 /* [CP] Copy Pods Resources */ = {
			isa = PBXShellScriptBuildPhase;
			buildActionMask = 2147483647;
			files = (
			);
			inputPaths = (
			);
			name = "[CP] Copy Pods Resources";
			outputPaths = (
			);
			runOnlyForDeploymentPostprocessing = 0;
			shellPath = /bin/sh;
			shellScript = "\"${SRCROOT}/Pods/Target Support Files/Pods-GpMobRequesterUITests/Pods-GpMobRequesterUITests-resources.sh\"\n";
			showEnvVarsInLog = 0;
		};
		EA44986465D8E78A2AEF18E3 /* [CP] Copy Pods Resources */ = {
			isa = PBXShellScriptBuildPhase;
			buildActionMask = 2147483647;
			files = (
			);
			inputPaths = (
			);
			name = "[CP] Copy Pods Resources";
			outputPaths = (
			);
			runOnlyForDeploymentPostprocessing = 0;
			shellPath = /bin/sh;
			shellScript = "\"${SRCROOT}/Pods/Target Support Files/Pods-GpMobRequester/Pods-GpMobRequester-resources.sh\"\n";
			showEnvVarsInLog = 0;
		};
/* End PBXShellScriptBuildPhase section */

/* Begin PBXSourcesBuildPhase section */
		07C2877F1F47310800E9DA0C /* Sources */ = {
			isa = PBXSourcesBuildPhase;
			buildActionMask = 2147483647;
			files = (
				07D138251F4791ED0010642D /* ReturnConfirmationToUSer.swift in Sources */,
				C8E58D671F47424100E5F7AE /* AuthorizationViewController.swift in Sources */,
				07C287891F47310800E9DA0C /* ViewController.swift in Sources */,
				C8E58D6C1F47448200E5F7AE /* AuthorizationView.swift in Sources */,
				07C287871F47310800E9DA0C /* AppDelegate.swift in Sources */,
				07F0FAD61F475303002CFC23 /* ConfimationAuthenticateView.swift in Sources */,
			);
			runOnlyForDeploymentPostprocessing = 0;
		};
		07C287931F47310800E9DA0C /* Sources */ = {
			isa = PBXSourcesBuildPhase;
			buildActionMask = 2147483647;
			files = (
				07C2879C1F47310800E9DA0C /* GpMobRequesterTests.swift in Sources */,
			);
			runOnlyForDeploymentPostprocessing = 0;
		};
		07C2879E1F47310800E9DA0C /* Sources */ = {
			isa = PBXSourcesBuildPhase;
			buildActionMask = 2147483647;
			files = (
				07C287A71F47310800E9DA0C /* GpMobRequesterUITests.swift in Sources */,
			);
			runOnlyForDeploymentPostprocessing = 0;
		};
/* End PBXSourcesBuildPhase section */

/* Begin PBXTargetDependency section */
		07C287991F47310800E9DA0C /* PBXTargetDependency */ = {
			isa = PBXTargetDependency;
			target = 07C287821F47310800E9DA0C /* GpMobRequester */;
			targetProxy = 07C287981F47310800E9DA0C /* PBXContainerItemProxy */;
		};
		07C287A41F47310800E9DA0C /* PBXTargetDependency */ = {
			isa = PBXTargetDependency;
			target = 07C287821F47310800E9DA0C /* GpMobRequester */;
			targetProxy = 07C287A31F47310800E9DA0C /* PBXContainerItemProxy */;
		};
/* End PBXTargetDependency section */

/* Begin PBXVariantGroup section */
		07C2878A1F47310800E9DA0C /* Main.storyboard */ = {
			isa = PBXVariantGroup;
			children = (
				07C2878B1F47310800E9DA0C /* Base */,
			);
			name = Main.storyboard;
			sourceTree = "<group>";
		};
		07C2878F1F47310800E9DA0C /* LaunchScreen.storyboard */ = {
			isa = PBXVariantGroup;
			children = (
				07C287901F47310800E9DA0C /* Base */,
			);
			name = LaunchScreen.storyboard;
			sourceTree = "<group>";
		};
/* End PBXVariantGroup section */

/* Begin XCBuildConfiguration section */
		07C287A91F47310800E9DA0C /* Debug */ = {
			isa = XCBuildConfiguration;
			buildSettings = {
				ALWAYS_SEARCH_USER_PATHS = NO;
				CLANG_ANALYZER_NONNULL = YES;
				CLANG_ANALYZER_NUMBER_OBJECT_CONVERSION = YES_AGGRESSIVE;
				CLANG_CXX_LANGUAGE_STANDARD = "gnu++0x";
				CLANG_CXX_LIBRARY = "libc++";
				CLANG_ENABLE_MODULES = YES;
				CLANG_ENABLE_OBJC_ARC = YES;
				CLANG_WARN_BOOL_CONVERSION = YES;
				CLANG_WARN_CONSTANT_CONVERSION = YES;
				CLANG_WARN_DIRECT_OBJC_ISA_USAGE = YES_ERROR;
				CLANG_WARN_DOCUMENTATION_COMMENTS = YES;
				CLANG_WARN_EMPTY_BODY = YES;
				CLANG_WARN_ENUM_CONVERSION = YES;
				CLANG_WARN_INFINITE_RECURSION = YES;
				CLANG_WARN_INT_CONVERSION = YES;
				CLANG_WARN_OBJC_ROOT_CLASS = YES_ERROR;
				CLANG_WARN_SUSPICIOUS_MOVE = YES;
				CLANG_WARN_UNREACHABLE_CODE = YES;
				CLANG_WARN__DUPLICATE_METHOD_MATCH = YES;
				"CODE_SIGN_IDENTITY[sdk=iphoneos*]" = "iPhone Developer";
				COPY_PHASE_STRIP = NO;
				DEBUG_INFORMATION_FORMAT = dwarf;
				ENABLE_STRICT_OBJC_MSGSEND = YES;
				ENABLE_TESTABILITY = YES;
				GCC_C_LANGUAGE_STANDARD = gnu99;
				GCC_DYNAMIC_NO_PIC = NO;
				GCC_NO_COMMON_BLOCKS = YES;
				GCC_OPTIMIZATION_LEVEL = 0;
				GCC_PREPROCESSOR_DEFINITIONS = (
					"DEBUG=1",
					"$(inherited)",
				);
				GCC_WARN_64_TO_32_BIT_CONVERSION = YES;
				GCC_WARN_ABOUT_RETURN_TYPE = YES_ERROR;
				GCC_WARN_UNDECLARED_SELECTOR = YES;
				GCC_WARN_UNINITIALIZED_AUTOS = YES_AGGRESSIVE;
				GCC_WARN_UNUSED_FUNCTION = YES;
				GCC_WARN_UNUSED_VARIABLE = YES;
				IPHONEOS_DEPLOYMENT_TARGET = 10.3;
				MTL_ENABLE_DEBUG_INFO = YES;
				ONLY_ACTIVE_ARCH = YES;
				SDKROOT = iphoneos;
				SWIFT_ACTIVE_COMPILATION_CONDITIONS = DEBUG;
				SWIFT_OPTIMIZATION_LEVEL = "-Onone";
			};
			name = Debug;
		};
		07C287AA1F47310800E9DA0C /* Release */ = {
			isa = XCBuildConfiguration;
			buildSettings = {
				ALWAYS_SEARCH_USER_PATHS = NO;
				CLANG_ANALYZER_NONNULL = YES;
				CLANG_ANALYZER_NUMBER_OBJECT_CONVERSION = YES_AGGRESSIVE;
				CLANG_CXX_LANGUAGE_STANDARD = "gnu++0x";
				CLANG_CXX_LIBRARY = "libc++";
				CLANG_ENABLE_MODULES = YES;
				CLANG_ENABLE_OBJC_ARC = YES;
				CLANG_WARN_BOOL_CONVERSION = YES;
				CLANG_WARN_CONSTANT_CONVERSION = YES;
				CLANG_WARN_DIRECT_OBJC_ISA_USAGE = YES_ERROR;
				CLANG_WARN_DOCUMENTATION_COMMENTS = YES;
				CLANG_WARN_EMPTY_BODY = YES;
				CLANG_WARN_ENUM_CONVERSION = YES;
				CLANG_WARN_INFINITE_RECURSION = YES;
				CLANG_WARN_INT_CONVERSION = YES;
				CLANG_WARN_OBJC_ROOT_CLASS = YES_ERROR;
				CLANG_WARN_SUSPICIOUS_MOVE = YES;
				CLANG_WARN_UNREACHABLE_CODE = YES;
				CLANG_WARN__DUPLICATE_METHOD_MATCH = YES;
				"CODE_SIGN_IDENTITY[sdk=iphoneos*]" = "iPhone Developer";
				COPY_PHASE_STRIP = NO;
				DEBUG_INFORMATION_FORMAT = "dwarf-with-dsym";
				ENABLE_NS_ASSERTIONS = NO;
				ENABLE_STRICT_OBJC_MSGSEND = YES;
				GCC_C_LANGUAGE_STANDARD = gnu99;
				GCC_NO_COMMON_BLOCKS = YES;
				GCC_WARN_64_TO_32_BIT_CONVERSION = YES;
				GCC_WARN_ABOUT_RETURN_TYPE = YES_ERROR;
				GCC_WARN_UNDECLARED_SELECTOR = YES;
				GCC_WARN_UNINITIALIZED_AUTOS = YES_AGGRESSIVE;
				GCC_WARN_UNUSED_FUNCTION = YES;
				GCC_WARN_UNUSED_VARIABLE = YES;
				IPHONEOS_DEPLOYMENT_TARGET = 10.3;
				MTL_ENABLE_DEBUG_INFO = NO;
				SDKROOT = iphoneos;
				SWIFT_OPTIMIZATION_LEVEL = "-Owholemodule";
				VALIDATE_PRODUCT = YES;
			};
			name = Release;
		};
		07C287AC1F47310800E9DA0C /* Debug */ = {
			isa = XCBuildConfiguration;
			baseConfigurationReference = 0E3BC55F076EF69B82DA2E87 /* Pods-GpMobRequester.debug.xcconfig */;
			buildSettings = {
				ASSETCATALOG_COMPILER_APPICON_NAME = AppIcon;
				DEVELOPMENT_TEAM = RKYRJH5UVM;
				INFOPLIST_FILE = GpMobRequester/Info.plist;
				LD_RUNPATH_SEARCH_PATHS = "$(inherited) @executable_path/Frameworks";
				PRODUCT_BUNDLE_IDENTIFIER = gov.al.GpMobRequester;
				PRODUCT_NAME = "$(TARGET_NAME)";
				SWIFT_VERSION = 3.0;
			};
			name = Debug;
		};
		07C287AD1F47310800E9DA0C /* Release */ = {
			isa = XCBuildConfiguration;
			baseConfigurationReference = 96946D7F0F8742B2C8665B35 /* Pods-GpMobRequester.release.xcconfig */;
			buildSettings = {
				ASSETCATALOG_COMPILER_APPICON_NAME = AppIcon;
				DEVELOPMENT_TEAM = RKYRJH5UVM;
				INFOPLIST_FILE = GpMobRequester/Info.plist;
				LD_RUNPATH_SEARCH_PATHS = "$(inherited) @executable_path/Frameworks";
				PRODUCT_BUNDLE_IDENTIFIER = gov.al.GpMobRequester;
				PRODUCT_NAME = "$(TARGET_NAME)";
				SWIFT_VERSION = 3.0;
			};
			name = Release;
		};
		07C287AF1F47310800E9DA0C /* Debug */ = {
			isa = XCBuildConfiguration;
			baseConfigurationReference = 53068DB0D3822C1ACDF361E6 /* Pods-GpMobRequesterTests.debug.xcconfig */;
			buildSettings = {
				ALWAYS_EMBED_SWIFT_STANDARD_LIBRARIES = YES;
				BUNDLE_LOADER = "$(TEST_HOST)";
				DEVELOPMENT_TEAM = Q96RB5NH33;
				INFOPLIST_FILE = GpMobRequesterTests/Info.plist;
				LD_RUNPATH_SEARCH_PATHS = "$(inherited) @executable_path/Frameworks @loader_path/Frameworks";
				PRODUCT_BUNDLE_IDENTIFIER = gov.al.GpMobRequesterTests;
				PRODUCT_NAME = "$(TARGET_NAME)";
				SWIFT_VERSION = 3.0;
				TEST_HOST = "$(BUILT_PRODUCTS_DIR)/GpMobRequester.app/GpMobRequester";
			};
			name = Debug;
		};
		07C287B01F47310800E9DA0C /* Release */ = {
			isa = XCBuildConfiguration;
			baseConfigurationReference = 91DDD95CE47F473C7B55E352 /* Pods-GpMobRequesterTests.release.xcconfig */;
			buildSettings = {
				ALWAYS_EMBED_SWIFT_STANDARD_LIBRARIES = YES;
				BUNDLE_LOADER = "$(TEST_HOST)";
				DEVELOPMENT_TEAM = Q96RB5NH33;
				INFOPLIST_FILE = GpMobRequesterTests/Info.plist;
				LD_RUNPATH_SEARCH_PATHS = "$(inherited) @executable_path/Frameworks @loader_path/Frameworks";
				PRODUCT_BUNDLE_IDENTIFIER = gov.al.GpMobRequesterTests;
				PRODUCT_NAME = "$(TARGET_NAME)";
				SWIFT_VERSION = 3.0;
				TEST_HOST = "$(BUILT_PRODUCTS_DIR)/GpMobRequester.app/GpMobRequester";
			};
			name = Release;
		};
		07C287B21F47310800E9DA0C /* Debug */ = {
			isa = XCBuildConfiguration;
			baseConfigurationReference = DBF15156326C710A4D8A754B /* Pods-GpMobRequesterUITests.debug.xcconfig */;
			buildSettings = {
				ALWAYS_EMBED_SWIFT_STANDARD_LIBRARIES = YES;
				DEVELOPMENT_TEAM = Q96RB5NH33;
				INFOPLIST_FILE = GpMobRequesterUITests/Info.plist;
				LD_RUNPATH_SEARCH_PATHS = "$(inherited) @executable_path/Frameworks @loader_path/Frameworks";
				PRODUCT_BUNDLE_IDENTIFIER = gov.al.GpMobRequesterUITests;
				PRODUCT_NAME = "$(TARGET_NAME)";
				SWIFT_VERSION = 3.0;
				TEST_TARGET_NAME = GpMobRequester;
			};
			name = Debug;
		};
		07C287B31F47310800E9DA0C /* Release */ = {
			isa = XCBuildConfiguration;
			baseConfigurationReference = C1612EF6EAE85E0DC54EC754 /* Pods-GpMobRequesterUITests.release.xcconfig */;
			buildSettings = {
				ALWAYS_EMBED_SWIFT_STANDARD_LIBRARIES = YES;
				DEVELOPMENT_TEAM = Q96RB5NH33;
				INFOPLIST_FILE = GpMobRequesterUITests/Info.plist;
				LD_RUNPATH_SEARCH_PATHS = "$(inherited) @executable_path/Frameworks @loader_path/Frameworks";
				PRODUCT_BUNDLE_IDENTIFIER = gov.al.GpMobRequesterUITests;
				PRODUCT_NAME = "$(TARGET_NAME)";
				SWIFT_VERSION = 3.0;
				TEST_TARGET_NAME = GpMobRequester;
			};
			name = Release;
		};
/* End XCBuildConfiguration section */

/* Begin XCConfigurationList section */
		07C2877E1F47310800E9DA0C /* Build configuration list for PBXProject "GpMobRequester" */ = {
			isa = XCConfigurationList;
			buildConfigurations = (
				07C287A91F47310800E9DA0C /* Debug */,
				07C287AA1F47310800E9DA0C /* Release */,
			);
			defaultConfigurationIsVisible = 0;
			defaultConfigurationName = Release;
		};
		07C287AB1F47310800E9DA0C /* Build configuration list for PBXNativeTarget "GpMobRequester" */ = {
			isa = XCConfigurationList;
			buildConfigurations = (
				07C287AC1F47310800E9DA0C /* Debug */,
				07C287AD1F47310800E9DA0C /* Release */,
			);
			defaultConfigurationIsVisible = 0;
			defaultConfigurationName = Release;
		};
		07C287AE1F47310800E9DA0C /* Build configuration list for PBXNativeTarget "GpMobRequesterTests" */ = {
			isa = XCConfigurationList;
			buildConfigurations = (
				07C287AF1F47310800E9DA0C /* Debug */,
				07C287B01F47310800E9DA0C /* Release */,
			);
			defaultConfigurationIsVisible = 0;
			defaultConfigurationName = Release;
		};
		07C287B11F47310800E9DA0C /* Build configuration list for PBXNativeTarget "GpMobRequesterUITests" */ = {
			isa = XCConfigurationList;
			buildConfigurations = (
				07C287B21F47310800E9DA0C /* Debug */,
				07C287B31F47310800E9DA0C /* Release */,
			);
			defaultConfigurationIsVisible = 0;
			defaultConfigurationName = Release;
		};
/* End XCConfigurationList section */
	};
	rootObject = 07C2877B1F47310800E9DA0C /* Project object */;
}
